
Microsoft Visual Studio Solution File, Format Version 12.00
# Visual Studio Express 2012 for Windows Desktop
Project("{FAE04EC0-301F-11D3-BF4B-00C04F79EFBC}") = "LinqToSqlBasic", "LinqToSqlBasic\LinqToSqlBasic.csproj", "{07A8750A-D4E0-47E8-BDB5-8DC07885F45C}"
EndProject
Project("{FAE04EC0-301F-11D3-BF4B-00C04F79EFBC}") = "LinqToSqlBasic.Model", "LinqToSqlBasic.Model\LinqToSqlBasic.Model.csproj", "{E0CEB592-7A3C-40C2-B809-91B735858FB5}"
EndProject
Global
	GlobalSection(SolutionConfigurationPlatforms) = preSolution
		Debug|Any CPU = Debug|Any CPU
		Release|Any CPU = Release|Any CPU
	EndGlobalSection
	GlobalSection(ProjectConfigurationPlatforms) = postSolution
		{07A8750A-D4E0-47E8-BDB5-8DC07885F45C}.Debug|Any CPU.ActiveCfg = Debug|Any CPU
		{07A8750A-D4E0-47E8-BDB5-8DC07885F45C}.Debug|Any CPU.Build.0 = Debug|Any CPU
		{07A8750A-D4E0-47E8-BDB5-8DC07885F45C}.Release|Any CPU.ActiveCfg = Release|Any CPU
		{07A8750A-D4E0-47E8-BDB5-8DC07885F45C}.Release|Any CPU.Build.0 = Release|Any CPU
		{E0CEB592-7A3C-40C2-B809-91B735858FB5}.Debug|Any CPU.ActiveCfg = Debug|Any CPU
		{E0CEB592-7A3C-40C2-B809-91B735858FB5}.Debug|Any CPU.Build.0 = Debug|Any CPU
		{E0CEB592-7A3C-40C2-B809-91B735858FB5}.Release|Any CPU.ActiveCfg = Release|Any CPU
		{E0CEB592-7A3C-40C2-B809-91B735858FB5}.Release|Any CPU.Build.0 = Release|Any CPU
	EndGlobalSection
	GlobalSection(SolutionProperties) = preSolution
		HideSolutionNode = FALSE
	EndGlobalSection
EndGlobal
